// !$*UTF8*$!
{
	archiveVersion = 1;
	classes = {
	};
	objectVersion = 50;
	objects = {

/* Begin PBXBuildFile section */
		8B1A5AF323D9B79D00FA2C06 /* AppDelegate.swift in Sources */ = {isa = PBXBuildFile; fileRef = 8B1A5AF223D9B79D00FA2C06 /* AppDelegate.swift */; };
		8B1A5AF523D9B79D00FA2C06 /* SceneDelegate.swift in Sources */ = {isa = PBXBuildFile; fileRef = 8B1A5AF423D9B79D00FA2C06 /* SceneDelegate.swift */; };
		8B1A5AF723D9B79D00FA2C06 /* ViewController.swift in Sources */ = {isa = PBXBuildFile; fileRef = 8B1A5AF623D9B79D00FA2C06 /* ViewController.swift */; };
		8B1A5AFA23D9B79D00FA2C06 /* Main.storyboard in Resources */ = {isa = PBXBuildFile; fileRef = 8B1A5AF823D9B79D00FA2C06 /* Main.storyboard */; };
		8B1A5AFC23D9B7A200FA2C06 /* Assets.xcassets in Resources */ = {isa = PBXBuildFile; fileRef = 8B1A5AFB23D9B7A200FA2C06 /* Assets.xcassets */; };
		8B1A5AFF23D9B7A200FA2C06 /* LaunchScreen.storyboard in Resources */ = {isa = PBXBuildFile; fileRef = 8B1A5AFD23D9B7A200FA2C06 /* LaunchScreen.storyboard */; };
		8B1A5B0A23D9B7A200FA2C06 /* sqlTests.swift in Sources */ = {isa = PBXBuildFile; fileRef = 8B1A5B0923D9B7A200FA2C06 /* sqlTests.swift */; };
		8B1A5B1523D9B7A200FA2C06 /* sqlUITests.swift in Sources */ = {isa = PBXBuildFile; fileRef = 8B1A5B1423D9B7A200FA2C06 /* sqlUITests.swift */; };
/* End PBXBuildFile section */

/* Begin PBXContainerItemProxy section */
		8B1A5B0623D9B7A200FA2C06 /* PBXContainerItemProxy */ = {
			isa = PBXContainerItemProxy;
			containerPortal = 8B1A5AE723D9B79D00FA2C06 /* Project object */;
			proxyType = 1;
			remoteGlobalIDString = 8B1A5AEE23D9B79D00FA2C06;
			remoteInfo = sql;
		};
		8B1A5B1123D9B7A200FA2C06 /* PBXContainerItemProxy */ = {
			isa = PBXContainerItemProxy;
			containerPortal = 8B1A5AE723D9B79D00FA2C06 /* Project object */;
			proxyType = 1;
			remoteGlobalIDString = 8B1A5AEE23D9B79D00FA2C06;
			remoteInfo = sql;
		};
/* End PBXContainerItemProxy section */

/* Begin PBXFileReference section */
		8B1A5AEF23D9B79D00FA2C06 /* sql.app */ = {isa = PBXFileReference; explicitFileType = wrapper.application; includeInIndex = 0; path = sql.app; sourceTree = BUILT_PRODUCTS_DIR; };
		8B1A5AF223D9B79D00FA2C06 /* AppDelegate.swift */ = {isa = PBXFileReference; lastKnownFileType = sourcecode.swift; path = AppDelegate.swift; sourceTree = "<group>"; };
		8B1A5AF423D9B79D00FA2C06 /* SceneDelegate.swift */ = {isa = PBXFileReference; lastKnownFileType = sourcecode.swift; path = SceneDelegate.swift; sourceTree = "<group>"; };
		8B1A5AF623D9B79D00FA2C06 /* ViewController.swift */ = {isa = PBXFileReference; lastKnownFileType = sourcecode.swift; path = ViewController.swift; sourceTree = "<group>"; };
		8B1A5AF923D9B79D00FA2C06 /* Base */ = {isa = PBXFileReference; lastKnownFileType = file.storyboard; name = Base; path = Base.lproj/Main.storyboard; sourceTree = "<group>"; };
		8B1A5AFB23D9B7A200FA2C06 /* Assets.xcassets */ = {isa = PBXFileReference; lastKnownFileType = folder.assetcatalog; path = Assets.xcassets; sourceTree = "<group>"; };
		8B1A5AFE23D9B7A200FA2C06 /* Base */ = {isa = PBXFileReference; lastKnownFileType = file.storyboard; name = Base; path = Base.lproj/LaunchScreen.storyboard; sourceTree = "<group>"; };
		8B1A5B0023D9B7A200FA2C06 /* Info.plist */ = {isa = PBXFileReference; lastKnownFileType = text.plist.xml; path = Info.plist; sourceTree = "<group>"; };
		8B1A5B0523D9B7A200FA2C06 /* sqlTests.xctest */ = {isa = PBXFileReference; explicitFileType = wrapper.cfbundle; includeInIndex = 0; path = sqlTests.xctest; sourceTree = BUILT_PRODUCTS_DIR; };
		8B1A5B0923D9B7A200FA2C06 /* sqlTests.swift */ = {isa = PBXFileReference; lastKnownFileType = sourcecode.swift; path = sqlTests.swift; sourceTree = "<group>"; };
		8B1A5B0B23D9B7A200FA2C06 /* Info.plist */ = {isa = PBXFileReference; lastKnownFileType = text.plist.xml; path = Info.plist; sourceTree = "<group>"; };
		8B1A5B1023D9B7A200FA2C06 /* sqlUITests.xctest */ = {isa = PBXFileReference; explicitFileType = wrapper.cfbundle; includeInIndex = 0; path = sqlUITests.xctest; sourceTree = BUILT_PRODUCTS_DIR; };
		8B1A5B1423D9B7A200FA2C06 /* sqlUITests.swift */ = {isa = PBXFileReference; lastKnownFileType = sourcecode.swift; path = sqlUITests.swift; sourceTree = "<group>"; };
		8B1A5B1623D9B7A200FA2C06 /* Info.plist */ = {isa = PBXFileReference; lastKnownFileType = text.plist.xml; path = Info.plist; sourceTree = "<group>"; };
/* End PBXFileReference section */

/* Begin PBXFrameworksBuildPhase section */
		8B1A5AEC23D9B79D00FA2C06 /* Frameworks */ = {
			isa = PBXFrameworksBuildPhase;
			buildActionMask = 2147483647;
			files = (
			);
			runOnlyForDeploymentPostprocessing = 0;
		};
		8B1A5B0223D9B7A200FA2C06 /* Frameworks */ = {
			isa = PBXFrameworksBuildPhase;
			buildActionMask = 2147483647;
			files = (
			);
			runOnlyForDeploymentPostprocessing = 0;
		};
		8B1A5B0D23D9B7A200FA2C06 /* Frameworks */ = {
			isa = PBXFrameworksBuildPhase;
			buildActionMask = 2147483647;
			files = (
			);
			runOnlyForDeploymentPostprocessing = 0;
		};
/* End PBXFrameworksBuildPhase section */

/* Begin PBXGroup section */
		8B1A5AE623D9B79D00FA2C06 = {
			isa = PBXGroup;
			children = (
				8B1A5AF123D9B79D00FA2C06 /* sql */,
				8B1A5B0823D9B7A200FA2C06 /* sqlTests */,
				8B1A5B1323D9B7A200FA2C06 /* sqlUITests */,
				8B1A5AF023D9B79D00FA2C06 /* Products */,
			);
			sourceTree = "<group>";
		};
		8B1A5AF023D9B79D00FA2C06 /* Products */ = {
			isa = PBXGroup;
			children = (
				8B1A5AEF23D9B79D00FA2C06 /* sql.app */,
				8B1A5B0523D9B7A200FA2C06 /* sqlTests.xctest */,
				8B1A5B1023D9B7A200FA2C06 /* sqlUITests.xctest */,
			);
			name = Products;
			sourceTree = "<group>";
		};
		8B1A5AF123D9B79D00FA2C06 /* sql */ = {
			isa = PBXGroup;
			children = (
				8B1A5AF223D9B79D00FA2C06 /* AppDelegate.swift */,
				8B1A5AF423D9B79D00FA2C06 /* SceneDelegate.swift */,
				8B1A5AF623D9B79D00FA2C06 /* ViewController.swift */,
				8B1A5AF823D9B79D00FA2C06 /* Main.storyboard */,
				8B1A5AFB23D9B7A200FA2C06 /* Assets.xcassets */,
				8B1A5AFD23D9B7A200FA2C06 /* LaunchScreen.storyboard */,
				8B1A5B0023D9B7A200FA2C06 /* Info.plist */,
			);
			path = sql;
			sourceTree = "<group>";
		};
		8B1A5B0823D9B7A200FA2C06 /* sqlTests */ = {
			isa = PBXGroup;
			children = (
				8B1A5B0923D9B7A200FA2C06 /* sqlTests.swift */,
				8B1A5B0B23D9B7A200FA2C06 /* Info.plist */,
			);
			path = sqlTests;
			sourceTree = "<group>";
		};
		8B1A5B1323D9B7A200FA2C06 /* sqlUITests */ = {
			isa = PBXGroup;
			children = (
				8B1A5B1423D9B7A200FA2C06 /* sqlUITests.swift */,
				8B1A5B1623D9B7A200FA2C06 /* Info.plist */,
			);
			path = sqlUITests;
			sourceTree = "<group>";
		};
/* End PBXGroup section */

/* Begin PBXNativeTarget section */
		8B1A5AEE23D9B79D00FA2C06 /* sql */ = {
			isa = PBXNativeTarget;
			buildConfigurationList = 8B1A5B1923D9B7A200FA2C06 /* Build configuration list for PBXNativeTarget "sql" */;
			buildPhases = (
				8B1A5AEB23D9B79D00FA2C06 /* Sources */,
				8B1A5AEC23D9B79D00FA2C06 /* Frameworks */,
				8B1A5AED23D9B79D00FA2C06 /* Resources */,
			);
			buildRules = (
			);
			dependencies = (
			);
			name = sql;
			productName = sql;
			productReference = 8B1A5AEF23D9B79D00FA2C06 /* sql.app */;
			productType = "com.apple.product-type.application";
		};
		8B1A5B0423D9B7A200FA2C06 /* sqlTests */ = {
			isa = PBXNativeTarget;
			buildConfigurationList = 8B1A5B1C23D9B7A200FA2C06 /* Build configuration list for PBXNativeTarget "sqlTests" */;
			buildPhases = (
				8B1A5B0123D9B7A200FA2C06 /* Sources */,
				8B1A5B0223D9B7A200FA2C06 /* Frameworks */,
				8B1A5B0323D9B7A200FA2C06 /* Resources */,
			);
			buildRules = (
			);
			dependencies = (
				8B1A5B0723D9B7A200FA2C06 /* PBXTargetDependency */,
			);
			name = sqlTests;
			productName = sqlTests;
			productReference = 8B1A5B0523D9B7A200FA2C06 /* sqlTests.xctest */;
			productType = "com.apple.product-type.bundle.unit-test";
		};
		8B1A5B0F23D9B7A200FA2C06 /* sqlUITests */ = {
			isa = PBXNativeTarget;
			buildConfigurationList = 8B1A5B1F23D9B7A200FA2C06 /* Build configuration list for PBXNativeTarget "sqlUITests" */;
			buildPhases = (
				8B1A5B0C23D9B7A200FA2C06 /* Sources */,
				8B1A5B0D23D9B7A200FA2C06 /* Frameworks */,
				8B1A5B0E23D9B7A200FA2C06 /* Resources */,
			);
			buildRules = (
			);
			dependencies = (
				8B1A5B1223D9B7A200FA2C06 /* PBXTargetDependency */,
			);
			name = sqlUITests;
			productName = sqlUITests;
			productReference = 8B1A5B1023D9B7A200FA2C06 /* sqlUITests.xctest */;
			productType = "com.apple.product-type.bundle.ui-testing";
		};
/* End PBXNativeTarget section */

/* Begin PBXProject section */
		8B1A5AE723D9B79D00FA2C06 /* Project object */ = {
			isa = PBXProject;
			attributes = {
				LastSwiftUpdateCheck = 1130;
				LastUpgradeCheck = 1130;
				ORGANIZATIONNAME = "Brijesh Makwana";
				TargetAttributes = {
					8B1A5AEE23D9B79D00FA2C06 = {
						CreatedOnToolsVersion = 11.3;
					};
					8B1A5B0423D9B7A200FA2C06 = {
						CreatedOnToolsVersion = 11.3;
						TestTargetID = 8B1A5AEE23D9B79D00FA2C06;
					};
					8B1A5B0F23D9B7A200FA2C06 = {
						CreatedOnToolsVersion = 11.3;
						TestTargetID = 8B1A5AEE23D9B79D00FA2C06;
					};
				};
			};
			buildConfigurationList = 8B1A5AEA23D9B79D00FA2C06 /* Build configuration list for PBXProject "sql" */;
			compatibilityVersion = "Xcode 9.3";
			developmentRegion = en;
			hasScannedForEncodings = 0;
			knownRegions = (
				en,
				Base,
			);
			mainGroup = 8B1A5AE623D9B79D00FA2C06;
			productRefGroup = 8B1A5AF023D9B79D00FA2C06 /* Products */;
			projectDirPath = "";
			projectRoot = "";
			targets = (
				8B1A5AEE23D9B79D00FA2C06 /* sql */,
				8B1A5B0423D9B7A200FA2C06 /* sqlTests */,
				8B1A5B0F23D9B7A200FA2C06 /* sqlUITests */,
			);
		};
/* End PBXProject section */

/* Begin PBXResourcesBuildPhase section */
		8B1A5AED23D9B79D00FA2C06 /* Resources */ = {
			isa = PBXResourcesBuildPhase;
			buildActionMask = 2147483647;
			files = (
				8B1A5AFF23D9B7A200FA2C06 /* LaunchScreen.storyboard in Resources */,
				8B1A5AFC23D9B7A200FA2C06 /* Assets.xcassets in Resources */,
				8B1A5AFA23D9B79D00FA2C06 /* Main.storyboard in Resources */,
			);
			runOnlyForDeploymentPostprocessing = 0;
		};
		8B1A5B0323D9B7A200FA2C06 /* Resources */ = {
			isa = PBXResourcesBuildPhase;
			buildActionMask = 2147483647;
			files = (
			);
			runOnlyForDeploymentPostprocessing = 0;
		};
		8B1A5B0E23D9B7A200FA2C06 /* Resources */ = {
			isa = PBXResourcesBuildPhase;
			buildActionMask = 2147483647;
			files = (
			);
			runOnlyForDeploymentPostprocessing = 0;
		};
/* End PBXResourcesBuildPhase section */

/* Begin PBXSourcesBuildPhase section */
		8B1A5AEB23D9B79D00FA2C06 /* Sources */ = {
			isa = PBXSourcesBuildPhase;
			buildActionMask = 2147483647;
			files = (
				8B1A5AF723D9B79D00FA2C06 /* ViewController.swift in Sources */,
				8B1A5AF323D9B79D00FA2C06 /* AppDelegate.swift in Sources */,
				8B1A5AF523D9B79D00FA2C06 /* SceneDelegate.swift in Sources */,
			);
			runOnlyForDeploymentPostprocessing = 0;
		};
		8B1A5B0123D9B7A200FA2C06 /* Sources */ = {
			isa = PBXSourcesBuildPhase;
			buildActionMask = 2147483647;
			files = (
				8B1A5B0A23D9B7A200FA2C06 /* sqlTests.swift in Sources */,
			);
			runOnlyForDeploymentPostprocessing = 0;
		};
		8B1A5B0C23D9B7A200FA2C06 /* Sources */ = {
			isa = PBXSourcesBuildPhase;
			buildActionMask = 2147483647;
			files = (
				8B1A5B1523D9B7A200FA2C06 /* sqlUITests.swift in Sources */,
			);
			runOnlyForDeploymentPostprocessing = 0;
		};
/* End PBXSourcesBuildPhase section */

/* Begin PBXTargetDependency section */
		8B1A5B0723D9B7A200FA2C06 /* PBXTargetDependency */ = {
			isa = PBXTargetDependency;
			target = 8B1A5AEE23D9B79D00FA2C06 /* sql */;
			targetProxy = 8B1A5B0623D9B7A200FA2C06 /* PBXContainerItemProxy */;
		};
		8B1A5B1223D9B7A200FA2C06 /* PBXTargetDependency */ = {
			isa = PBXTargetDependency;
			target = 8B1A5AEE23D9B79D00FA2C06 /* sql */;
			targetProxy = 8B1A5B1123D9B7A200FA2C06 /* PBXContainerItemProxy */;
		};
/* End PBXTargetDependency section */

/* Begin PBXVariantGroup section */
		8B1A5AF823D9B79D00FA2C06 /* Main.storyboard */ = {
			isa = PBXVariantGroup;
			children = (
				8B1A5AF923D9B79D00FA2C06 /* Base */,
			);
			name = Main.storyboard;
			sourceTree = "<group>";
		};
		8B1A5AFD23D9B7A200FA2C06 /* LaunchScreen.storyboard */ = {
			isa = PBXVariantGroup;
			children = (
				8B1A5AFE23D9B7A200FA2C06 /* Base */,
			);
			name = LaunchScreen.storyboard;
			sourceTree = "<group>";
		};
/* End PBXVariantGroup section */

/* Begin XCBuildConfiguration section */
		8B1A5B1723D9B7A200FA2C06 /* Debug */ = {
			isa = XCBuildConfiguration;
			buildSettings = {
				ALWAYS_SEARCH_USER_PATHS = NO;
				CLANG_ANALYZER_NONNULL = YES;
				CLANG_ANALYZER_NUMBER_OBJECT_CONVERSION = YES_AGGRESSIVE;
				CLANG_CXX_LANGUAGE_STANDARD = "gnu++14";
				CLANG_CXX_LIBRARY = "libc++";
				CLANG_ENABLE_MODULES = YES;
				CLANG_ENABLE_OBJC_ARC = YES;
				CLANG_ENABLE_OBJC_WEAK = YES;
				CLANG_WARN_BLOCK_CAPTURE_AUTORELEASING = YES;
				CLANG_WARN_BOOL_CONVERSION = YES;
				CLANG_WARN_COMMA = YES;
				CLANG_WARN_CONSTANT_CONVERSION = YES;
				CLANG_WARN_DEPRECATED_OBJC_IMPLEMENTATIONS = YES;
				CLANG_WARN_DIRECT_OBJC_ISA_USAGE = YES_ERROR;
				CLANG_WARN_DOCUMENTATION_COMMENTS = YES;
				CLANG_WARN_EMPTY_BODY = YES;
				CLANG_WARN_ENUM_CONVERSION = YES;
				CLANG_WARN_INFINITE_RECURSION = YES;
				CLANG_WARN_INT_CONVERSION = YES;
				CLANG_WARN_NON_LITERAL_NULL_CONVERSION = YES;
				CLANG_WARN_OBJC_IMPLICIT_RETAIN_SELF = YES;
				CLANG_WARN_OBJC_LITERAL_CONVERSION = YES;
				CLANG_WARN_OBJC_ROOT_CLASS = YES_ERROR;
				CLANG_WARN_RANGE_LOOP_ANALYSIS = YES;
				CLANG_WARN_STRICT_PROTOTYPES = YES;
				CLANG_WARN_SUSPICIOUS_MOVE = YES;
				CLANG_WARN_UNGUARDED_AVAILABILITY = YES_AGGRESSIVE;
				CLANG_WARN_UNREACHABLE_CODE = YES;
				CLANG_WARN__DUPLICATE_METHOD_MATCH = YES;
				COPY_PHASE_STRIP = NO;
				DEBUG_INFORMATION_FORMAT = dwarf;
				ENABLE_STRICT_OBJC_MSGSEND = YES;
				ENABLE_TESTABILITY = YES;
				GCC_C_LANGUAGE_STANDARD = gnu11;
				GCC_DYNAMIC_NO_PIC = NO;
				GCC_NO_COMMON_BLOCKS = YES;
				GCC_OPTIMIZATION_LEVEL = 0;
				GCC_PREPROCESSOR_DEFINITIONS = (
					"DEBUG=1",
					"$(inherited)",
				);
				GCC_WARN_64_TO_32_BIT_CONVERSION = YES;
				GCC_WARN_ABOUT_RETURN_TYPE = YES_ERROR;
				GCC_WARN_UNDECLARED_SELECTOR = YES;
				GCC_WARN_UNINITIALIZED_AUTOS = YES_AGGRESSIVE;
				GCC_WARN_UNUSED_FUNCTION = YES;
				GCC_WARN_UNUSED_VARIABLE = YES;
				IPHONEOS_DEPLOYMENT_TARGET = 13.2;
				MTL_ENABLE_DEBUG_INFO = INCLUDE_SOURCE;
				MTL_FAST_MATH = YES;
				ONLY_ACTIVE_ARCH = YES;
				SDKROOT = iphoneos;
				SWIFT_ACTIVE_COMPILATION_CONDITIONS = DEBUG;
				SWIFT_OPTIMIZATION_LEVEL = "-Onone";
			};
			name = Debug;
		};
		8B1A5B1823D9B7A200FA2C06 /* Release */ = {
			isa = XCBuildConfiguration;
			buildSettings = {
				ALWAYS_SEARCH_USER_PATHS = NO;
				CLANG_ANALYZER_NONNULL = YES;
				CLANG_ANALYZER_NUMBER_OBJECT_CONVERSION = YES_AGGRESSIVE;
				CLANG_CXX_LANGUAGE_STANDARD = "gnu++14";
				CLANG_CXX_LIBRARY = "libc++";
				CLANG_ENABLE_MODULES = YES;
				CLANG_ENABLE_OBJC_ARC = YES;
				CLANG_ENABLE_OBJC_WEAK = YES;
				CLANG_WARN_BLOCK_CAPTURE_AUTORELEASING = YES;
				CLANG_WARN_BOOL_CONVERSION = YES;
				CLANG_WARN_COMMA = YES;
				CLANG_WARN_CONSTANT_CONVERSION = YES;
				CLANG_WARN_DEPRECATED_OBJC_IMPLEMENTATIONS = YES;
				CLANG_WARN_DIRECT_OBJC_ISA_USAGE = YES_ERROR;
				CLANG_WARN_DOCUMENTATION_COMMENTS = YES;
				CLANG_WARN_EMPTY_BODY = YES;
				CLANG_WARN_ENUM_CONVERSION = YES;
				CLANG_WARN_INFINITE_RECURSION = YES;
				CLANG_WARN_INT_CONVERSION = YES;
				CLANG_WARN_NON_LITERAL_NULL_CONVERSION = YES;
				CLANG_WARN_OBJC_IMPLICIT_RETAIN_SELF = YES;
				CLANG_WARN_OBJC_LITERAL_CONVERSION = YES;
				CLANG_WARN_OBJC_ROOT_CLASS = YES_ERROR;
				CLANG_WARN_RANGE_LOOP_ANALYSIS = YES;
				CLANG_WARN_STRICT_PROTOTYPES = YES;
				CLANG_WARN_SUSPICIOUS_MOVE = YES;
				CLANG_WARN_UNGUARDED_AVAILABILITY = YES_AGGRESSIVE;
				CLANG_WARN_UNREACHABLE_CODE = YES;
				CLANG_WARN__DUPLICATE_METHOD_MATCH = YES;
				COPY_PHASE_STRIP = NO;
				DEBUG_INFORMATION_FORMAT = "dwarf-with-dsym";
				ENABLE_NS_ASSERTIONS = NO;
				ENABLE_STRICT_OBJC_MSGSEND = YES;
				GCC_C_LANGUAGE_STANDARD = gnu11;
				GCC_NO_COMMON_BLOCKS = YES;
				GCC_WARN_64_TO_32_BIT_CONVERSION = YES;
				GCC_WARN_ABOUT_RETURN_TYPE = YES_ERROR;
				GCC_WARN_UNDECLARED_SELECTOR = YES;
				GCC_WARN_UNINITIALIZED_AUTOS = YES_AGGRESSIVE;
				GCC_WARN_UNUSED_FUNCTION = YES;
				GCC_WARN_UNUSED_VARIABLE = YES;
				IPHONEOS_DEPLOYMENT_TARGET = 13.2;
				MTL_ENABLE_DEBUG_INFO = NO;
				MTL_FAST_MATH = YES;
				SDKROOT = iphoneos;
				SWIFT_COMPILATION_MODE = wholemodule;
				SWIFT_OPTIMIZATION_LEVEL = "-O";
				VALIDATE_PRODUCT = YES;
			};
			name = Release;
		};
		8B1A5B1A23D9B7A200FA2C06 /* Debug */ = {
			isa = XCBuildConfiguration;
			buildSettings = {
				ASSETCATALOG_COMPILER_APPICON_NAME = AppIcon;
				CODE_SIGN_STYLE = Automatic;
				INFOPLIST_FILE = sql/Info.plist;
				LD_RUNPATH_SEARCH_PATHS = (
					"$(inherited)",
					"@executable_path/Frameworks",
				);
				PRODUCT_BUNDLE_IDENTIFIER = Brijesh.sql;
				PRODUCT_NAME = "$(TARGET_NAME)";
				SWIFT_VERSION = 5.0;
				TARGETED_DEVICE_FAMILY = "1,2";
			};
			name = Debug;
		};
		8B1A5B1B23D9B7A200FA2C06 /* Release */ = {
			isa = XCBuildConfiguration;
			buildSettings = {
				ASSETCATALOG_COMPILER_APPICON_NAME = AppIcon;
				CODE_SIGN_STYLE = Automatic;
				INFOPLIST_FILE = sql/Info.plist;
				LD_RUNPATH_SEARCH_PATHS = (
					"$(inherited)",
					"@executable_path/Frameworks",
				);
				PRODUCT_BUNDLE_IDENTIFIER = Brijesh.sql;
				PRODUCT_NAME = "$(TARGET_NAME)";
				SWIFT_VERSION = 5.0;
				TARGETED_DEVICE_FAMILY = "1,2";
			};
			name = Release;
		};
		8B1A5B1D23D9B7A200FA2C06 /* Debug */ = {
			isa = XCBuildConfiguration;
			buildSettings = {
				ALWAYS_EMBED_SWIFT_STANDARD_LIBRARIES = YES;
				BUNDLE_LOADER = "$(TEST_HOST)";
				CODE_SIGN_STYLE = Automatic;
				INFOPLIST_FILE = sqlTests/Info.plist;
				IPHONEOS_DEPLOYMENT_TARGET = 13.2;
				LD_RUNPATH_SEARCH_PATHS = (
					"$(inherited)",
					"@executable_path/Frameworks",
					"@loader_path/Frameworks",
				);
				PRODUCT_BUNDLE_IDENTIFIER = Brijesh.sqlTests;
				PRODUCT_NAME = "$(TARGET_NAME)";
				SWIFT_VERSION = 5.0;
				TARGETED_DEVICE_FAMILY = "1,2";
				TEST_HOST = "$(BUILT_PRODUCTS_DIR)/sql.app/sql";
			};
			name = Debug;
		};
		8B1A5B1E23D9B7A200FA2C06 /* Release */ = {
			isa = XCBuildConfiguration;
			buildSettings = {
				ALWAYS_EMBED_SWIFT_STANDARD_LIBRARIES = YES;
				BUNDLE_LOADER = "$(TEST_HOST)";
				CODE_SIGN_STYLE = Automatic;
				INFOPLIST_FILE = sqlTests/Info.plist;
				IPHONEOS_DEPLOYMENT_TARGET = 13.2;
				LD_RUNPATH_SEARCH_PATHS = (
					"$(inherited)",
					"@executable_path/Frameworks",
					"@loader_path/Frameworks",
				);
				PRODUCT_BUNDLE_IDENTIFIER = Brijesh.sqlTests;
				PRODUCT_NAME = "$(TARGET_NAME)";
				SWIFT_VERSION = 5.0;
				TARGETED_DEVICE_FAMILY = "1,2";
				TEST_HOST = "$(BUILT_PRODUCTS_DIR)/sql.app/sql";
			};
			name = Release;
		};
		8B1A5B2023D9B7A200FA2C06 /* Debug */ = {
			isa = XCBuildConfiguration;
			buildSettings = {
				ALWAYS_EMBED_SWIFT_STANDARD_LIBRARIES = YES;
				CODE_SIGN_STYLE = Automatic;
				INFOPLIST_FILE = sqlUITests/Info.plist;
				LD_RUNPATH_SEARCH_PATHS = (
					"$(inherited)",
					"@executable_path/Frameworks",
					"@loader_path/Frameworks",
				);
				PRODUCT_BUNDLE_IDENTIFIER = Brijesh.sqlUITests;
				PRODUCT_NAME = "$(TARGET_NAME)";
				SWIFT_VERSION = 5.0;
				TARGETED_DEVICE_FAMILY = "1,2";
				TEST_TARGET_NAME = sql;
			};
			name = Debug;
		};
		8B1A5B2123D9B7A200FA2C06 /* Release */ = {
			isa = XCBuildConfiguration;
			buildSettings = {
				ALWAYS_EMBED_SWIFT_STANDARD_LIBRARIES = YES;
				CODE_SIGN_STYLE = Automatic;
				INFOPLIST_FILE = sqlUITests/Info.plist;
				LD_RUNPATH_SEARCH_PATHS = (
					"$(inherited)",
					"@executable_path/Frameworks",
					"@loader_path/Frameworks",
				);
				PRODUCT_BUNDLE_IDENTIFIER = Brijesh.sqlUITests;
				PRODUCT_NAME = "$(TARGET_NAME)";
				SWIFT_VERSION = 5.0;
				TARGETED_DEVICE_FAMILY = "1,2";
				TEST_TARGET_NAME = sql;
			};
			name = Release;
		};
/* End XCBuildConfiguration section */

/* Begin XCConfigurationList section */
		8B1A5AEA23D9B79D00FA2C06 /* Build configuration list for PBXProject "sql" */ = {
			isa = XCConfigurationList;
			buildConfigurations = (
				8B1A5B1723D9B7A200FA2C06 /* Debug */,
				8B1A5B1823D9B7A200FA2C06 /* Release */,
			);
			defaultConfigurationIsVisible = 0;
			defaultConfigurationName = Release;
		};
		8B1A5B1923D9B7A200FA2C06 /* Build configuration list for PBXNativeTarget "sql" */ = {
			isa = XCConfigurationList;
			buildConfigurations = (
				8B1A5B1A23D9B7A200FA2C06 /* Debug */,
				8B1A5B1B23D9B7A200FA2C06 /* Release */,
			);
			defaultConfigurationIsVisible = 0;
			defaultConfigurationName = Release;
		};
		8B1A5B1C23D9B7A200FA2C06 /* Build configuration list for PBXNativeTarget "sqlTests" */ = {
			isa = XCConfigurationList;
			buildConfigurations = (
				8B1A5B1D23D9B7A200FA2C06 /* Debug */,
				8B1A5B1E23D9B7A200FA2C06 /* Release */,
			);
			defaultConfigurationIsVisible = 0;
			defaultConfigurationName = Release;
		};
		8B1A5B1F23D9B7A200FA2C06 /* Build configuration list for PBXNativeTarget "sqlUITests" */ = {
			isa = XCConfigurationList;
			buildConfigurations = (
				8B1A5B2023D9B7A200FA2C06 /* Debug */,
				8B1A5B2123D9B7A200FA2C06 /* Release */,
			);
			defaultConfigurationIsVisible = 0;
			defaultConfigurationName = Release;
		};
/* End XCConfigurationList section */
	};
	rootObject = 8B1A5AE723D9B79D00FA2C06 /* Project object */;
}
